Microsoft Visual Studio Solution File, Format Version 12.00
# Visual Studio 15
VisualStudioVersion = 15.0.26730.16
MinimumVisualStudioVersion = 15.0.26124.0
Project("{9A19103F-16F7-4668-BE54-9A1E7A4F7556}") = "mssql-example-api", "mssql-example-api\mssql-example-api.csproj", "{B204E8FC-1793-41FC-A1F2-E06FDF07FA9D}"
EndProject
Global
	GlobalSection(SolutionConfigurationPlatforms) = preSolution
		Debug|Any CPU = Debug|Any CPU
		Debug|x64 = Debug|x64
		Debug|x86 = Debug|x86
		Release|Any CPU = Release|Any CPU
		Release|x64 = Release|x64
		Release|x86 = Release|x86
	EndGlobalSection
	GlobalSection(ProjectConfigurationPlatforms) = postSolution
		{B204E8FC-1793-41FC-A1F2-E06FDF07FA9D}.Debug|Any CPU.ActiveCfg = Debug|Any CPU
		{B204E8FC-1793-41FC-A1F2-E06FDF07FA9D}.Debug|Any CPU.Build.0 = Debug|Any CPU
		{B204E8FC-1793-41FC-A1F2-E06FDF07FA9D}.Debug|x64.ActiveCfg = Debug|Any CPU
		{B204E8FC-1793-41FC-A1F2-E06FDF07FA9D}.Debug|x64.Build.0 = Debug|Any CPU
		{B204E8FC-1793-41FC-A1F2-E06FDF07FA9D}.Debug|x86.ActiveCfg = Debug|Any CPU
		{B204E8FC-1793-41FC-A1F2-E06FDF07FA9D}.Debug|x86.Build.0 = Debug|Any CPU
		{B204E8FC-1793-41FC-A1F2-E06FDF07FA9D}.Release|Any CPU.ActiveCfg = Release|Any CPU
		{B204E8FC-1793-41FC-A1F2-E06FDF07FA9D}.Release|Any CPU.Build.0 = Release|Any CPU
		{B204E8FC-1793-41FC-A1F2-E06FDF07FA9D}.Release|x64.ActiveCfg = Release|Any CPU
		{B204E8FC-1793-41FC-A1F2-E06FDF07FA9D}.Release|x64.Build.0 = Release|Any CPU
		{B204E8FC-1793-41FC-A1F2-E06FDF07FA9D}.Release|x86.ActiveCfg = Release|Any CPU
		{B204E8FC-1793-41FC-A1F2-E06FDF07FA9D}.Release|x86.Build.0 = Release|Any CPU
	EndGlobalSection
	GlobalSection(SolutionProperties) = preSolution
		HideSolutionNode = FALSE
	EndGlobalSection
	GlobalSection(ExtensibilityGlobals) = postSolution
		SolutionGuid = {31EF1647-A1B4-40A7-B6D1-2014E140D4CF}
	EndGlobalSection
EndGlobal
